
Microsoft Visual Studio Solution File, Format Version 12.00
# Visual Studio Version 17
VisualStudioVersion = 17.9.34728.123
MinimumVisualStudioVersion = 10.0.40219.1
Project("{FAE04EC0-301F-11D3-BF4B-00C04F79EFBC}") = "Harmonium", "Harmonium.csproj", "{A5ED47E1-59DD-486B-8A72-C8121D3F8CF7}"
EndProject
Global
	GlobalSection(SolutionConfigurationPlatforms) = preSolution
		Debug|Any CPU = Debug|Any CPU
		Release|Any CPU = Release|Any CPU
	EndGlobalSection
	GlobalSection(ProjectConfigurationPlatforms) = postSolution
		{A5ED47E1-59DD-486B-8A72-C8121D3F8CF7}.Debug|Any CPU.ActiveCfg = Debug|Any CPU
		{A5ED47E1-59DD-486B-8A72-C8121D3F8CF7}.Debug|Any CPU.Build.0 = Debug|Any CPU
		{A5ED47E1-59DD-486B-8A72-C8121D3F8CF7}.Release|Any CPU.ActiveCfg = Release|Any CPU
		{A5ED47E1-59DD-486B-8A72-C8121D3F8CF7}.Release|Any CPU.Build.0 = Release|Any CPU
	EndGlobalSection
	GlobalSection(SolutionProperties) = preSolution
		HideSolutionNode = FALSE
	EndGlobalSection
	GlobalSection(ExtensibilityGlobals) = postSolution
		SolutionGuid = {964FF2BC-CF2B-42DC-9A1A-E097B20D7E7A}
	EndGlobalSection
EndGlobal
